<?xml version="1.0" encoding="utf-8"?>
<Project ToolsVersion="4.0" xmlns="http://schemas.microsoft.com/developer/msbuild/2003">
  <ItemGroup>
    <Filter Include="Source Files">
      <UniqueIdentifier>{4FC737F1-C7A5-4376-A066-2A32D752A2FF}</UniqueIdentifier>
      <Extensions>cpp;c;cc;cxx;c++;cppm;ixx;def;odl;idl;hpj;bat;asm;asmx</Extensions>
    </Filter>
    <Filter Include="Header Files">
      <UniqueIdentifier>{93995380-89BD-4b04-88EB-625FBE52EBFB}</UniqueIdentifier>
      <Extensions>h;hh;hpp;hxx;h++;hm;inl;inc;ipp;xsd</Extensions>
    </Filter>
    <Filter Include="Resource Files">
      <UniqueIdentifier>{67DA6AB6-F800-4c08-8B7A-83BB121AAD01}</UniqueIdentifier>
      <Extensions>rc;ico;cur;bmp;dlg;rc2;rct;bin;rgs;gif;jpg;jpeg;jpe;resx;tiff;tif;png;wav;mfcribbon-ms</Extensions>
    </Filter>
    <Filter Include="Source Files\Console">
      <UniqueIdentifier>{aca4a247-d313-43b8-8c7e-9fa6a987967f}</UniqueIdentifier>
    </Filter>
    <Filter Include="Source Files\Common">
      <UniqueIdentifier>{e29cdbcf-d22c-4887-8ebc-9bda656073d8}</UniqueIdentifier>
    </Filter>
    <Filter Include="Source Files\Util">
      <UniqueIdentifier>{1a9de94b-57c1-4b8b-9f42-1624c2ffba74}</UniqueIdentifier>
    </Filter>
    <Filter Include="Source Files\Code">
      <UniqueIdentifier>{71cddf59-d811-49f3-9d32-0425b5bf3373}</UniqueIdentifier>
    </Filter>
    <Filter Include="Source Files\dev">
      <UniqueIdentifier>{3815248a-2932-4667-b93c-ee9ac8a3f152}</UniqueIdentifier>
    </Filter>
    <Filter Include="Source Files\Code\Movement">
      <UniqueIdentifier>{0b53c889-46fc-46e6-a01f-592ad299e27b}</UniqueIdentifier>
    </Filter>
  </ItemGroup>
  <ItemGroup>
    <ClInclude Include="framework.h">
      <Filter>Header Files</Filter>
    </ClInclude>
    <ClInclude Include="pch.h">
      <Filter>Header Files</Filter>
    </ClInclude>
    <ClInclude Include="ExtConsoleGui.h">
      <Filter>Source Files\Console</Filter>
    </ClInclude>
    <ClInclude Include="ConfigManager.h">
      <Filter>Source Files\Common</Filter>
    </ClInclude>
    <ClInclude Include="resource.h">
      <Filter>Header Files</Filter>
    </ClInclude>
    <ClInclude Include="Console.h">
      <Filter>Source Files\Console</Filter>
    </ClInclude>
    <ClInclude Include="ExtConsole.h">
      <Filter>Source Files\Console</Filter>
    </ClInclude>
    <ClInclude Include="FuncPointers.h">
      <Filter>Source Files\Common</Filter>
    </ClInclude>
    <ClInclude Include="structs.h">
      <Filter>Source Files\Common</Filter>
    </ClInclude>
    <ClInclude Include="GameUtil.h">
      <Filter>Source Files\Util</Filter>
    </ClInclude>
    <ClInclude Include="DvarInterface.hpp">
      <Filter>Source Files\Util</Filter>
    </ClInclude>
    <ClInclude Include="DevPatches.hpp">
      <Filter>Source Files\dev</Filter>
    </ClInclude>
    <ClInclude Include="Hook.hpp">
      <Filter>Source Files\Common</Filter>
    </ClInclude>
    <ClInclude Include="Noclip.hpp">
      <Filter>Source Files\Code\Movement</Filter>
    </ClInclude>
    <ClInclude Include="CustomCommands.hpp">
      <Filter>Source Files\Console</Filter>
    </ClInclude>
  </ItemGroup>
  <ItemGroup>
    <ClCompile Include="dllmain.cpp">
      <Filter>Source Files</Filter>
    </ClCompile>
    <ClCompile Include="pch.cpp">
      <Filter>Source Files</Filter>
    </ClCompile>
    <ClCompile Include="ExtConsoleGui.cpp">
      <Filter>Source Files\Console</Filter>
    </ClCompile>
    <ClCompile Include="ConfigManager.cpp">
      <Filter>Source Files\Common</Filter>
    </ClCompile>
    <ClCompile Include="Console.cpp">
      <Filter>Source Files\Console</Filter>
    </ClCompile>
    <ClCompile Include="ExtConsole.cpp">
      <Filter>Source Files\Console</Filter>
    </ClCompile>
    <ClCompile Include="FuncPointers.cpp">
      <Filter>Source Files\Common</Filter>
    </ClCompile>
    <ClCompile Include="GameUtil.cpp">
      <Filter>Source Files\Util</Filter>
    </ClCompile>
    <ClCompile Include="DvarInterface.cpp">
      <Filter>Source Files\Util</Filter>
    </ClCompile>
    <ClCompile Include="DevPatches.cpp">
      <Filter>Source Files\dev</Filter>
    </ClCompile>
    <ClCompile Include="Hook.cpp">
      <Filter>Source Files\Common</Filter>
    </ClCompile>
    <ClCompile Include="Noclip.cpp">
      <Filter>Source Files\Code\Movement</Filter>
    </ClCompile>
    <ClCompile Include="CustomCommands.cpp">
      <Filter>Source Files\Console</Filter>
    </ClCompile>
  </ItemGroup>
  <ItemGroup>
    <Image Include="s2mp_con.bmp">
      <Filter>Resource Files</Filter>
    </Image>
  </ItemGroup>
  <ItemGroup>
    <ResourceCompile Include="s2mp-mod.rc">
      <Filter>Resource Files</Filter>
    </ResourceCompile>
  </ItemGroup>
</Project>